
Microsoft Visual Studio Solution File, Format Version 12.00
# Visual Studio Version 16
VisualStudioVersion = 16.0.30804.86
MinimumVisualStudioVersion = 10.0.40219.1
Project("{FAE04EC0-301F-11D3-BF4B-00C04F79EFBC}") = "WPF.MVVM", "WPF.MVVM\WPF.MVVM.csproj", "{733A24D1-D8F6-4C54-BA05-E23DD054A770}"
EndProject
Project("{FAE04EC0-301F-11D3-BF4B-00C04F79EFBC}") = "UI.WPF", "UI.WPF\UI.WPF.csproj", "{D45F64FA-22CF-4796-82CC-ED3282A77015}"
EndProject
Project("{FAE04EC0-301F-11D3-BF4B-00C04F79EFBC}") = "ExcelClassLibrary", "ExcelClassLibrary\ExcelClassLibrary.csproj", "{4C37A3FE-E6ED-4625-948A-8A0386A625DD}"
EndProject
Global
	GlobalSection(SolutionConfigurationPlatforms) = preSolution
		Debug|Any CPU = Debug|Any CPU
		Release|Any CPU = Release|Any CPU
	EndGlobalSection
	GlobalSection(ProjectConfigurationPlatforms) = postSolution
		{733A24D1-D8F6-4C54-BA05-E23DD054A770}.Debug|Any CPU.ActiveCfg = Debug|Any CPU
		{733A24D1-D8F6-4C54-BA05-E23DD054A770}.Debug|Any CPU.Build.0 = Debug|Any CPU
		{733A24D1-D8F6-4C54-BA05-E23DD054A770}.Release|Any CPU.ActiveCfg = Release|Any CPU
		{733A24D1-D8F6-4C54-BA05-E23DD054A770}.Release|Any CPU.Build.0 = Release|Any CPU
		{D45F64FA-22CF-4796-82CC-ED3282A77015}.Debug|Any CPU.ActiveCfg = Debug|Any CPU
		{D45F64FA-22CF-4796-82CC-ED3282A77015}.Debug|Any CPU.Build.0 = Debug|Any CPU
		{D45F64FA-22CF-4796-82CC-ED3282A77015}.Release|Any CPU.ActiveCfg = Release|Any CPU
		{D45F64FA-22CF-4796-82CC-ED3282A77015}.Release|Any CPU.Build.0 = Release|Any CPU
		{4C37A3FE-E6ED-4625-948A-8A0386A625DD}.Debug|Any CPU.ActiveCfg = Debug|Any CPU
		{4C37A3FE-E6ED-4625-948A-8A0386A625DD}.Debug|Any CPU.Build.0 = Debug|Any CPU
		{4C37A3FE-E6ED-4625-948A-8A0386A625DD}.Release|Any CPU.ActiveCfg = Release|Any CPU
		{4C37A3FE-E6ED-4625-948A-8A0386A625DD}.Release|Any CPU.Build.0 = Release|Any CPU
	EndGlobalSection
	GlobalSection(SolutionProperties) = preSolution
		HideSolutionNode = FALSE
	EndGlobalSection
	GlobalSection(ExtensibilityGlobals) = postSolution
		SolutionGuid = {2686D1FB-AD62-4B62-9F95-A6F547F4264C}
	EndGlobalSection
EndGlobal
